
Microsoft Visual Studio Solution File, Format Version 12.00
# Visual Studio 14
VisualStudioVersion = 14.0.25420.1
MinimumVisualStudioVersion = 10.0.40219.1
Project("{FAE04EC0-301F-11D3-BF4B-00C04F79EFBC}") = "One", "One\One.csproj", "{30FA7E0A-E8D2-4E0D-9930-889BF18E2CEE}"
EndProject
Project("{FAE04EC0-301F-11D3-BF4B-00C04F79EFBC}") = "Two", "Two\Two.csproj", "{91C83241-FA14-4A48-9C11-94B5E41CD9C0}"
EndProject
Project("{FAE04EC0-301F-11D3-BF4B-00C04F79EFBC}") = "Three", "Three\Three.csproj", "{7A173FE1-BE70-4858-BCB5-5A09B9F912DE}"
EndProject
Project("{FAE04EC0-301F-11D3-BF4B-00C04F79EFBC}") = "Four", "Four\Four.csproj", "{367283FE-8E30-4084-AB9E-3339EE5DFB06}"
EndProject
Global
	GlobalSection(SolutionConfigurationPlatforms) = preSolution
		Debug|Any CPU = Debug|Any CPU
		Release|Any CPU = Release|Any CPU
	EndGlobalSection
	GlobalSection(ProjectConfigurationPlatforms) = postSolution
		{30FA7E0A-E8D2-4E0D-9930-889BF18E2CEE}.Debug|Any CPU.ActiveCfg = Debug|Any CPU
		{30FA7E0A-E8D2-4E0D-9930-889BF18E2CEE}.Debug|Any CPU.Build.0 = Debug|Any CPU
		{30FA7E0A-E8D2-4E0D-9930-889BF18E2CEE}.Release|Any CPU.ActiveCfg = Release|Any CPU
		{30FA7E0A-E8D2-4E0D-9930-889BF18E2CEE}.Release|Any CPU.Build.0 = Release|Any CPU
		{91C83241-FA14-4A48-9C11-94B5E41CD9C0}.Debug|Any CPU.ActiveCfg = Debug|Any CPU
		{91C83241-FA14-4A48-9C11-94B5E41CD9C0}.Debug|Any CPU.Build.0 = Debug|Any CPU
		{91C83241-FA14-4A48-9C11-94B5E41CD9C0}.Release|Any CPU.ActiveCfg = Release|Any CPU
		{91C83241-FA14-4A48-9C11-94B5E41CD9C0}.Release|Any CPU.Build.0 = Release|Any CPU
		{7A173FE1-BE70-4858-BCB5-5A09B9F912DE}.Debug|Any CPU.ActiveCfg = Debug|Any CPU
		{7A173FE1-BE70-4858-BCB5-5A09B9F912DE}.Debug|Any CPU.Build.0 = Debug|Any CPU
		{7A173FE1-BE70-4858-BCB5-5A09B9F912DE}.Release|Any CPU.ActiveCfg = Release|Any CPU
		{7A173FE1-BE70-4858-BCB5-5A09B9F912DE}.Release|Any CPU.Build.0 = Release|Any CPU
		{367283FE-8E30-4084-AB9E-3339EE5DFB06}.Debug|Any CPU.ActiveCfg = Debug|Any CPU
		{367283FE-8E30-4084-AB9E-3339EE5DFB06}.Debug|Any CPU.Build.0 = Debug|Any CPU
		{367283FE-8E30-4084-AB9E-3339EE5DFB06}.Release|Any CPU.ActiveCfg = Release|Any CPU
		{367283FE-8E30-4084-AB9E-3339EE5DFB06}.Release|Any CPU.Build.0 = Release|Any CPU
	EndGlobalSection
	GlobalSection(SolutionProperties) = preSolution
		HideSolutionNode = FALSE
	EndGlobalSection
EndGlobal
